
Microsoft Visual Studio Solution File, Format Version 12.00
# Visual Studio Version 17
VisualStudioVersion = 17.9.34723.18
MinimumVisualStudioVersion = 10.0.40219.1
Project("{FAE04EC0-301F-11D3-BF4B-00C04F79EFBC}") = "Uso Apuntes", "Uso Apuntes\Uso Apuntes.csproj", "{D875514C-5373-4B3A-9839-ED721DA917B4}"
EndProject
Global
	GlobalSection(SolutionConfigurationPlatforms) = preSolution
		Debug|Any CPU = Debug|Any CPU
		Release|Any CPU = Release|Any CPU
	EndGlobalSection
	GlobalSection(ProjectConfigurationPlatforms) = postSolution
		{D875514C-5373-4B3A-9839-ED721DA917B4}.Debug|Any CPU.ActiveCfg = Debug|Any CPU
		{D875514C-5373-4B3A-9839-ED721DA917B4}.Debug|Any CPU.Build.0 = Debug|Any CPU
		{D875514C-5373-4B3A-9839-ED721DA917B4}.Debug|Any CPU.Deploy.0 = Debug|Any CPU
		{D875514C-5373-4B3A-9839-ED721DA917B4}.Release|Any CPU.ActiveCfg = Release|Any CPU
		{D875514C-5373-4B3A-9839-ED721DA917B4}.Release|Any CPU.Build.0 = Release|Any CPU
		{D875514C-5373-4B3A-9839-ED721DA917B4}.Release|Any CPU.Deploy.0 = Release|Any CPU
	EndGlobalSection
	GlobalSection(SolutionProperties) = preSolution
		HideSolutionNode = FALSE
	EndGlobalSection
	GlobalSection(ExtensibilityGlobals) = postSolution
		SolutionGuid = {60B85436-BDD8-499D-81C9-D6908E9838C7}
	EndGlobalSection
EndGlobal
